
Microsoft Visual Studio Solution File, Format Version 12.00
# Visual Studio 15
VisualStudioVersion = 15.0.27703.2035
MinimumVisualStudioVersion = 10.0.40219.1
Project("{9A19103F-16F7-4668-BE54-9A1E7A4F7556}") = "Customers.Api", "Customers.Api\Customers.Api.csproj", "{3F961031-ABE4-483D-87BD-AA37893148AC}"
EndProject
Project("{9A19103F-16F7-4668-BE54-9A1E7A4F7556}") = "Customers.Domain", "Customers.Domain\Customers.Domain.csproj", "{C17D1FD0-7F66-46D1-85F9-29DF3AA6AF2C}"
EndProject
Project("{9A19103F-16F7-4668-BE54-9A1E7A4F7556}") = "Customers.Queries", "Customers.Queries\Customers.Queries.csproj", "{7EDECA6A-B2C2-4B8B-853A-F4B86B771D5A}"
EndProject
Project("{2150E333-8FDC-42A3-9474-1A3956D46DE8}") = "Schema", "Schema", "{90411E3D-27C0-4CD6-AAFF-92ABEE1C5721}"
	ProjectSection(SolutionItems) = preProject
		Schema\nhibernate-configuration.xsd = Schema\nhibernate-configuration.xsd
		Schema\nhibernate-mapping.xsd = Schema\nhibernate-mapping.xsd
	EndProjectSection
EndProject
Project("{9A19103F-16F7-4668-BE54-9A1E7A4F7556}") = "Customers.Tests", "Customers.Tests\Customers.Tests.csproj", "{6EFCB1A7-A7B0-4BA5-9721-4E937AF77376}"
EndProject
Project("{9A19103F-16F7-4668-BE54-9A1E7A4F7556}") = "Infrastructure", "Infrastructure\Infrastructure.csproj", "{61129671-96E1-47BC-8C0A-599FBB37E7F4}"
EndProject
Project("{9A19103F-16F7-4668-BE54-9A1E7A4F7556}") = "Infrastructure.AutoMapper", "Infrastructure.AutoMapper\Infrastructure.AutoMapper.csproj", "{1F5303C6-47F1-431C-9B12-F03CB3AA1FBF}"
EndProject
Project("{9A19103F-16F7-4668-BE54-9A1E7A4F7556}") = "Infrastructure.NH", "Infrastructure.NH\Infrastructure.NH.csproj", "{478B333E-470D-4B93-B5CE-BD395BCA8178}"
EndProject
Project("{9A19103F-16F7-4668-BE54-9A1E7A4F7556}") = "Domain", "Domain\Domain.csproj", "{8461998E-5278-4349-AB1E-2E9A0861E65A}"
EndProject
Project("{9A19103F-16F7-4668-BE54-9A1E7A4F7556}") = "Tests.NH", "Tests.NH\Tests.NH.csproj", "{634CEA32-60A0-47C8-8C44-1A81E831DAE7}"
EndProject
Project("{9A19103F-16F7-4668-BE54-9A1E7A4F7556}") = "Api", "Api\Api.csproj", "{6DCC53C4-6B38-465D-B48A-B6653755AE14}"
EndProject
Project("{9A19103F-16F7-4668-BE54-9A1E7A4F7556}") = "Api.NH", "Api.NH\Api.NH.csproj", "{93E98149-5819-409A-B8A0-64F61A0F1B84}"
EndProject
Project("{9A19103F-16F7-4668-BE54-9A1E7A4F7556}") = "Infrastructure.ElasticSearch", "Infrastructure.ElasticSearch\Infrastructure.ElasticSearch.csproj", "{F6ACB405-3042-44A8-9D1F-F052E5F0762B}"
EndProject
Project("{9A19103F-16F7-4668-BE54-9A1E7A4F7556}") = "Movies.Domain", "Movies.Domain\Movies.Domain.csproj", "{17DD99DD-1FDF-41AE-8FA0-202503D1BD55}"
EndProject
Project("{9A19103F-16F7-4668-BE54-9A1E7A4F7556}") = "Movies.Tests", "Movies.Tests\Movies.Tests.csproj", "{F14B115A-F025-4A2F-92F5-A413771C88D4}"
EndProject
Project("{FAE04EC0-301F-11D3-BF4B-00C04F79EFBC}") = "Tests.ElasticSearch", "Tests.ElasticSearch\Tests.ElasticSearch.csproj", "{C77DC73B-8E37-41FF-891C-015450BA212F}"
EndProject
Project("{FAE04EC0-301F-11D3-BF4B-00C04F79EFBC}") = "Movies.Queries", "Movies.Queries\Movies.Queries.csproj", "{2E6B9A47-E8A6-44B7-9FC3-39FF360BEFF6}"
EndProject
Global
	GlobalSection(SolutionConfigurationPlatforms) = preSolution
		Debug|Any CPU = Debug|Any CPU
		Release|Any CPU = Release|Any CPU
	EndGlobalSection
	GlobalSection(ProjectConfigurationPlatforms) = postSolution
		{3F961031-ABE4-483D-87BD-AA37893148AC}.Debug|Any CPU.ActiveCfg = Debug|Any CPU
		{3F961031-ABE4-483D-87BD-AA37893148AC}.Debug|Any CPU.Build.0 = Debug|Any CPU
		{3F961031-ABE4-483D-87BD-AA37893148AC}.Release|Any CPU.ActiveCfg = Release|Any CPU
		{3F961031-ABE4-483D-87BD-AA37893148AC}.Release|Any CPU.Build.0 = Release|Any CPU
		{C17D1FD0-7F66-46D1-85F9-29DF3AA6AF2C}.Debug|Any CPU.ActiveCfg = Debug|Any CPU
		{C17D1FD0-7F66-46D1-85F9-29DF3AA6AF2C}.Debug|Any CPU.Build.0 = Debug|Any CPU
		{C17D1FD0-7F66-46D1-85F9-29DF3AA6AF2C}.Release|Any CPU.ActiveCfg = Release|Any CPU
		{C17D1FD0-7F66-46D1-85F9-29DF3AA6AF2C}.Release|Any CPU.Build.0 = Release|Any CPU
		{7EDECA6A-B2C2-4B8B-853A-F4B86B771D5A}.Debug|Any CPU.ActiveCfg = Debug|Any CPU
		{7EDECA6A-B2C2-4B8B-853A-F4B86B771D5A}.Debug|Any CPU.Build.0 = Debug|Any CPU
		{7EDECA6A-B2C2-4B8B-853A-F4B86B771D5A}.Release|Any CPU.ActiveCfg = Release|Any CPU
		{7EDECA6A-B2C2-4B8B-853A-F4B86B771D5A}.Release|Any CPU.Build.0 = Release|Any CPU
		{6EFCB1A7-A7B0-4BA5-9721-4E937AF77376}.Debug|Any CPU.ActiveCfg = Debug|Any CPU
		{6EFCB1A7-A7B0-4BA5-9721-4E937AF77376}.Debug|Any CPU.Build.0 = Debug|Any CPU
		{6EFCB1A7-A7B0-4BA5-9721-4E937AF77376}.Release|Any CPU.ActiveCfg = Release|Any CPU
		{6EFCB1A7-A7B0-4BA5-9721-4E937AF77376}.Release|Any CPU.Build.0 = Release|Any CPU
		{61129671-96E1-47BC-8C0A-599FBB37E7F4}.Debug|Any CPU.ActiveCfg = Debug|Any CPU
		{61129671-96E1-47BC-8C0A-599FBB37E7F4}.Debug|Any CPU.Build.0 = Debug|Any CPU
		{61129671-96E1-47BC-8C0A-599FBB37E7F4}.Release|Any CPU.ActiveCfg = Release|Any CPU
		{61129671-96E1-47BC-8C0A-599FBB37E7F4}.Release|Any CPU.Build.0 = Release|Any CPU
		{1F5303C6-47F1-431C-9B12-F03CB3AA1FBF}.Debug|Any CPU.ActiveCfg = Debug|Any CPU
		{1F5303C6-47F1-431C-9B12-F03CB3AA1FBF}.Debug|Any CPU.Build.0 = Debug|Any CPU
		{1F5303C6-47F1-431C-9B12-F03CB3AA1FBF}.Release|Any CPU.ActiveCfg = Release|Any CPU
		{1F5303C6-47F1-431C-9B12-F03CB3AA1FBF}.Release|Any CPU.Build.0 = Release|Any CPU
		{478B333E-470D-4B93-B5CE-BD395BCA8178}.Debug|Any CPU.ActiveCfg = Debug|Any CPU
		{478B333E-470D-4B93-B5CE-BD395BCA8178}.Debug|Any CPU.Build.0 = Debug|Any CPU
		{478B333E-470D-4B93-B5CE-BD395BCA8178}.Release|Any CPU.ActiveCfg = Release|Any CPU
		{478B333E-470D-4B93-B5CE-BD395BCA8178}.Release|Any CPU.Build.0 = Release|Any CPU
		{8461998E-5278-4349-AB1E-2E9A0861E65A}.Debug|Any CPU.ActiveCfg = Debug|Any CPU
		{8461998E-5278-4349-AB1E-2E9A0861E65A}.Debug|Any CPU.Build.0 = Debug|Any CPU
		{8461998E-5278-4349-AB1E-2E9A0861E65A}.Release|Any CPU.ActiveCfg = Release|Any CPU
		{8461998E-5278-4349-AB1E-2E9A0861E65A}.Release|Any CPU.Build.0 = Release|Any CPU
		{634CEA32-60A0-47C8-8C44-1A81E831DAE7}.Debug|Any CPU.ActiveCfg = Debug|Any CPU
		{634CEA32-60A0-47C8-8C44-1A81E831DAE7}.Debug|Any CPU.Build.0 = Debug|Any CPU
		{634CEA32-60A0-47C8-8C44-1A81E831DAE7}.Release|Any CPU.ActiveCfg = Release|Any CPU
		{634CEA32-60A0-47C8-8C44-1A81E831DAE7}.Release|Any CPU.Build.0 = Release|Any CPU
		{6DCC53C4-6B38-465D-B48A-B6653755AE14}.Debug|Any CPU.ActiveCfg = Debug|Any CPU
		{6DCC53C4-6B38-465D-B48A-B6653755AE14}.Debug|Any CPU.Build.0 = Debug|Any CPU
		{6DCC53C4-6B38-465D-B48A-B6653755AE14}.Release|Any CPU.ActiveCfg = Release|Any CPU
		{6DCC53C4-6B38-465D-B48A-B6653755AE14}.Release|Any CPU.Build.0 = Release|Any CPU
		{93E98149-5819-409A-B8A0-64F61A0F1B84}.Debug|Any CPU.ActiveCfg = Debug|Any CPU
		{93E98149-5819-409A-B8A0-64F61A0F1B84}.Debug|Any CPU.Build.0 = Debug|Any CPU
		{93E98149-5819-409A-B8A0-64F61A0F1B84}.Release|Any CPU.ActiveCfg = Release|Any CPU
		{93E98149-5819-409A-B8A0-64F61A0F1B84}.Release|Any CPU.Build.0 = Release|Any CPU
		{F6ACB405-3042-44A8-9D1F-F052E5F0762B}.Debug|Any CPU.ActiveCfg = Debug|Any CPU
		{F6ACB405-3042-44A8-9D1F-F052E5F0762B}.Debug|Any CPU.Build.0 = Debug|Any CPU
		{F6ACB405-3042-44A8-9D1F-F052E5F0762B}.Release|Any CPU.ActiveCfg = Release|Any CPU
		{F6ACB405-3042-44A8-9D1F-F052E5F0762B}.Release|Any CPU.Build.0 = Release|Any CPU
		{17DD99DD-1FDF-41AE-8FA0-202503D1BD55}.Debug|Any CPU.ActiveCfg = Debug|Any CPU
		{17DD99DD-1FDF-41AE-8FA0-202503D1BD55}.Debug|Any CPU.Build.0 = Debug|Any CPU
		{17DD99DD-1FDF-41AE-8FA0-202503D1BD55}.Release|Any CPU.ActiveCfg = Release|Any CPU
		{17DD99DD-1FDF-41AE-8FA0-202503D1BD55}.Release|Any CPU.Build.0 = Release|Any CPU
		{F14B115A-F025-4A2F-92F5-A413771C88D4}.Debug|Any CPU.ActiveCfg = Debug|Any CPU
		{F14B115A-F025-4A2F-92F5-A413771C88D4}.Debug|Any CPU.Build.0 = Debug|Any CPU
		{F14B115A-F025-4A2F-92F5-A413771C88D4}.Release|Any CPU.ActiveCfg = Release|Any CPU
		{F14B115A-F025-4A2F-92F5-A413771C88D4}.Release|Any CPU.Build.0 = Release|Any CPU
		{C77DC73B-8E37-41FF-891C-015450BA212F}.Debug|Any CPU.ActiveCfg = Debug|Any CPU
		{C77DC73B-8E37-41FF-891C-015450BA212F}.Debug|Any CPU.Build.0 = Debug|Any CPU
		{C77DC73B-8E37-41FF-891C-015450BA212F}.Release|Any CPU.ActiveCfg = Release|Any CPU
		{C77DC73B-8E37-41FF-891C-015450BA212F}.Release|Any CPU.Build.0 = Release|Any CPU
		{2E6B9A47-E8A6-44B7-9FC3-39FF360BEFF6}.Debug|Any CPU.ActiveCfg = Debug|Any CPU
		{2E6B9A47-E8A6-44B7-9FC3-39FF360BEFF6}.Debug|Any CPU.Build.0 = Debug|Any CPU
		{2E6B9A47-E8A6-44B7-9FC3-39FF360BEFF6}.Release|Any CPU.ActiveCfg = Release|Any CPU
		{2E6B9A47-E8A6-44B7-9FC3-39FF360BEFF6}.Release|Any CPU.Build.0 = Release|Any CPU
	EndGlobalSection
	GlobalSection(SolutionProperties) = preSolution
		HideSolutionNode = FALSE
	EndGlobalSection
	GlobalSection(ExtensibilityGlobals) = postSolution
		SolutionGuid = {2BAA1751-B9E2-4344-AD25-3E6744454369}
	EndGlobalSection
EndGlobal
